
Microsoft Visual Studio Solution File, Format Version 12.00
# Visual Studio Version 17
VisualStudioVersion = 17.1.32328.378
MinimumVisualStudioVersion = 10.0.40219.1
Project("{9A19103F-16F7-4668-BE54-9A1E7A4F7556}") = "SyntheticLife.Core", "SyntheticLife.Core\SyntheticLife.Core.csproj", "{905C77FF-0938-444D-953E-AEF9E421BDFF}"
EndProject
Project("{9A19103F-16F7-4668-BE54-9A1E7A4F7556}") = "SyntheticLife.Core.Test", "SyntheticLife.Core.Test\SyntheticLife.Core.Test.csproj", "{7E16BE63-E98C-4CE7-BF9A-C95F5C92D7DA}"
EndProject
Global
	GlobalSection(SolutionConfigurationPlatforms) = preSolution
		Debug|Any CPU = Debug|Any CPU
		Release|Any CPU = Release|Any CPU
	EndGlobalSection
	GlobalSection(ProjectConfigurationPlatforms) = postSolution
		{905C77FF-0938-444D-953E-AEF9E421BDFF}.Debug|Any CPU.ActiveCfg = Debug|Any CPU
		{905C77FF-0938-444D-953E-AEF9E421BDFF}.Debug|Any CPU.Build.0 = Debug|Any CPU
		{905C77FF-0938-444D-953E-AEF9E421BDFF}.Release|Any CPU.ActiveCfg = Release|Any CPU
		{905C77FF-0938-444D-953E-AEF9E421BDFF}.Release|Any CPU.Build.0 = Release|Any CPU
		{7E16BE63-E98C-4CE7-BF9A-C95F5C92D7DA}.Debug|Any CPU.ActiveCfg = Debug|Any CPU
		{7E16BE63-E98C-4CE7-BF9A-C95F5C92D7DA}.Debug|Any CPU.Build.0 = Debug|Any CPU
		{7E16BE63-E98C-4CE7-BF9A-C95F5C92D7DA}.Release|Any CPU.ActiveCfg = Release|Any CPU
		{7E16BE63-E98C-4CE7-BF9A-C95F5C92D7DA}.Release|Any CPU.Build.0 = Release|Any CPU
	EndGlobalSection
	GlobalSection(SolutionProperties) = preSolution
		HideSolutionNode = FALSE
	EndGlobalSection
	GlobalSection(ExtensibilityGlobals) = postSolution
		SolutionGuid = {2A0E22ED-656F-4E88-A668-72138D54C3CF}
	EndGlobalSection
EndGlobal
